
Microsoft Visual Studio Solution File, Format Version 12.00
# Visual Studio Version 17
VisualStudioVersion = 17.8.34309.116
MinimumVisualStudioVersion = 10.0.40219.1
Project("{FAE04EC0-301F-11D3-BF4B-00C04F79EFBC}") = "UserService", "UserService\UserService.csproj", "{C415C8D7-E7A6-471E-A0C8-B2B9F2A81BD3}"
EndProject
Global
	GlobalSection(SolutionConfigurationPlatforms) = preSolution
		Debug|Any CPU = Debug|Any CPU
		Release|Any CPU = Release|Any CPU
	EndGlobalSection
	GlobalSection(ProjectConfigurationPlatforms) = postSolution
		{C415C8D7-E7A6-471E-A0C8-B2B9F2A81BD3}.Debug|Any CPU.ActiveCfg = Debug|Any CPU
		{C415C8D7-E7A6-471E-A0C8-B2B9F2A81BD3}.Debug|Any CPU.Build.0 = Debug|Any CPU
		{C415C8D7-E7A6-471E-A0C8-B2B9F2A81BD3}.Release|Any CPU.ActiveCfg = Release|Any CPU
		{C415C8D7-E7A6-471E-A0C8-B2B9F2A81BD3}.Release|Any CPU.Build.0 = Release|Any CPU
	EndGlobalSection
	GlobalSection(SolutionProperties) = preSolution
		HideSolutionNode = FALSE
	EndGlobalSection
	GlobalSection(ExtensibilityGlobals) = postSolution
		SolutionGuid = {F3EEABC1-A75E-48A1-AD4D-9E82C2DCAF67}
	EndGlobalSection
EndGlobal
